
Microsoft Visual Studio Solution File, Format Version 12.00
# Visual Studio Version 16
VisualStudioVersion = 16.0.30717.126
MinimumVisualStudioVersion = 10.0.40219.1
Project("{FAE04EC0-301F-11D3-BF4B-00C04F79EFBC}") = "Clinica_M", "Clinica_M\Clinica_M.csproj", "{86DB33CD-7402-4463-9216-2D8A6098CA30}"
EndProject
Project("{FAE04EC0-301F-11D3-BF4B-00C04F79EFBC}") = "UnitTestProject1", "UnitTestProject1\UnitTestProject1.csproj", "{21ABBA1C-7DF0-439B-959D-D619F08EBF22}"
EndProject
Global
	GlobalSection(SolutionConfigurationPlatforms) = preSolution
		Debug|Any CPU = Debug|Any CPU
		Release|Any CPU = Release|Any CPU
	EndGlobalSection
	GlobalSection(ProjectConfigurationPlatforms) = postSolution
		{86DB33CD-7402-4463-9216-2D8A6098CA30}.Debug|Any CPU.ActiveCfg = Debug|Any CPU
		{86DB33CD-7402-4463-9216-2D8A6098CA30}.Debug|Any CPU.Build.0 = Debug|Any CPU
		{86DB33CD-7402-4463-9216-2D8A6098CA30}.Release|Any CPU.ActiveCfg = Release|Any CPU
		{86DB33CD-7402-4463-9216-2D8A6098CA30}.Release|Any CPU.Build.0 = Release|Any CPU
		{21ABBA1C-7DF0-439B-959D-D619F08EBF22}.Debug|Any CPU.ActiveCfg = Debug|Any CPU
		{21ABBA1C-7DF0-439B-959D-D619F08EBF22}.Debug|Any CPU.Build.0 = Debug|Any CPU
		{21ABBA1C-7DF0-439B-959D-D619F08EBF22}.Release|Any CPU.ActiveCfg = Release|Any CPU
		{21ABBA1C-7DF0-439B-959D-D619F08EBF22}.Release|Any CPU.Build.0 = Release|Any CPU
	EndGlobalSection
	GlobalSection(SolutionProperties) = preSolution
		HideSolutionNode = FALSE
	EndGlobalSection
	GlobalSection(ExtensibilityGlobals) = postSolution
		SolutionGuid = {8C86BC93-FF46-4500-B6F9-D306CBAF6FBC}
	EndGlobalSection
EndGlobal
